
Microsoft Visual Studio Solution File, Format Version 12.00
# Visual Studio Version 17
VisualStudioVersion = 17.2.32630.192
MinimumVisualStudioVersion = 10.0.40219.1
Project("{9A19103F-16F7-4668-BE54-9A1E7A4F7556}") = "AAASamples", "AAASamples\AAASamples.csproj", "{400DE44F-6754-4C59-881D-3947BA01DDA2}"
EndProject
Global
	GlobalSection(SolutionConfigurationPlatforms) = preSolution
		Debug|Any CPU = Debug|Any CPU
		Release|Any CPU = Release|Any CPU
	EndGlobalSection
	GlobalSection(ProjectConfigurationPlatforms) = postSolution
		{400DE44F-6754-4C59-881D-3947BA01DDA2}.Debug|Any CPU.ActiveCfg = Debug|Any CPU
		{400DE44F-6754-4C59-881D-3947BA01DDA2}.Debug|Any CPU.Build.0 = Debug|Any CPU
		{400DE44F-6754-4C59-881D-3947BA01DDA2}.Release|Any CPU.ActiveCfg = Release|Any CPU
		{400DE44F-6754-4C59-881D-3947BA01DDA2}.Release|Any CPU.Build.0 = Release|Any CPU
	EndGlobalSection
	GlobalSection(SolutionProperties) = preSolution
		HideSolutionNode = FALSE
	EndGlobalSection
	GlobalSection(ExtensibilityGlobals) = postSolution
		SolutionGuid = {75288CA2-5E0B-4E0A-A5FE-BE5D05B9C1A7}
	EndGlobalSection
EndGlobal
